// !$*UTF8*$!
{
	archiveVersion = 1;
	classes = {
	};
	objectVersion = 56;
	objects = {

/* Begin PBXBuildFile section */
		C70135B82B666E660006C850 /* AppDelegate.swift in Sources */ = {isa = PBXBuildFile; fileRef = C70135B72B666E660006C850 /* AppDelegate.swift */; };
		C70135BA2B666E660006C850 /* SceneDelegate.swift in Sources */ = {isa = PBXBuildFile; fileRef = C70135B92B666E660006C850 /* SceneDelegate.swift */; };
		C70135C12B666E680006C850 /* Assets.xcassets in Resources */ = {isa = PBXBuildFile; fileRef = C70135C02B666E680006C850 /* Assets.xcassets */; };
		C70135C42B666E680006C850 /* LaunchScreen.storyboard in Resources */ = {isa = PBXBuildFile; fileRef = C70135C22B666E680006C850 /* LaunchScreen.storyboard */; };
		C70135CF2B666E680006C850 /* WordsTests.swift in Sources */ = {isa = PBXBuildFile; fileRef = C70135CE2B666E680006C850 /* WordsTests.swift */; };
		C70135D92B666E680006C850 /* WordsUITests.swift in Sources */ = {isa = PBXBuildFile; fileRef = C70135D82B666E680006C850 /* WordsUITests.swift */; };
		C70135DB2B666E680006C850 /* WordsUITestsLaunchTests.swift in Sources */ = {isa = PBXBuildFile; fileRef = C70135DA2B666E680006C850 /* WordsUITestsLaunchTests.swift */; };
		C70135ED2B666FE70006C850 /* DI in Frameworks */ = {isa = PBXBuildFile; productRef = C70135EC2B666FE70006C850 /* DI */; };
		C70135F02B6673AD0006C850 /* Data in Frameworks */ = {isa = PBXBuildFile; productRef = C70135EF2B6673AD0006C850 /* Data */; };
		C70135F22B6673AD0006C850 /* Domain in Frameworks */ = {isa = PBXBuildFile; productRef = C70135F12B6673AD0006C850 /* Domain */; };
		C70135F42B6673AD0006C850 /* Presentation in Frameworks */ = {isa = PBXBuildFile; productRef = C70135F32B6673AD0006C850 /* Presentation */; };
/* End PBXBuildFile section */

/* Begin PBXContainerItemProxy section */
		C70135CB2B666E680006C850 /* PBXContainerItemProxy */ = {
			isa = PBXContainerItemProxy;
			containerPortal = C70135AC2B666E660006C850 /* Project object */;
			proxyType = 1;
			remoteGlobalIDString = C70135B32B666E660006C850;
			remoteInfo = Words;
		};
		C70135D52B666E680006C850 /* PBXContainerItemProxy */ = {
			isa = PBXContainerItemProxy;
			containerPortal = C70135AC2B666E660006C850 /* Project object */;
			proxyType = 1;
			remoteGlobalIDString = C70135B32B666E660006C850;
			remoteInfo = Words;
		};
/* End PBXContainerItemProxy section */

/* Begin PBXFileReference section */
		C70135B42B666E660006C850 /* Words.app */ = {isa = PBXFileReference; explicitFileType = wrapper.application; includeInIndex = 0; path = Words.app; sourceTree = BUILT_PRODUCTS_DIR; };
		C70135B72B666E660006C850 /* AppDelegate.swift */ = {isa = PBXFileReference; lastKnownFileType = sourcecode.swift; path = AppDelegate.swift; sourceTree = "<group>"; };
		C70135B92B666E660006C850 /* SceneDelegate.swift */ = {isa = PBXFileReference; lastKnownFileType = sourcecode.swift; path = SceneDelegate.swift; sourceTree = "<group>"; };
		C70135C02B666E680006C850 /* Assets.xcassets */ = {isa = PBXFileReference; lastKnownFileType = folder.assetcatalog; path = Assets.xcassets; sourceTree = "<group>"; };
		C70135C32B666E680006C850 /* Base */ = {isa = PBXFileReference; lastKnownFileType = file.storyboard; name = Base; path = Base.lproj/LaunchScreen.storyboard; sourceTree = "<group>"; };
		C70135C52B666E680006C850 /* Info.plist */ = {isa = PBXFileReference; lastKnownFileType = text.plist.xml; path = Info.plist; sourceTree = "<group>"; };
		C70135CA2B666E680006C850 /* WordsTests.xctest */ = {isa = PBXFileReference; explicitFileType = wrapper.cfbundle; includeInIndex = 0; path = WordsTests.xctest; sourceTree = BUILT_PRODUCTS_DIR; };
		C70135CE2B666E680006C850 /* WordsTests.swift */ = {isa = PBXFileReference; lastKnownFileType = sourcecode.swift; path = WordsTests.swift; sourceTree = "<group>"; };
		C70135D42B666E680006C850 /* WordsUITests.xctest */ = {isa = PBXFileReference; explicitFileType = wrapper.cfbundle; includeInIndex = 0; path = WordsUITests.xctest; sourceTree = BUILT_PRODUCTS_DIR; };
		C70135D82B666E680006C850 /* WordsUITests.swift */ = {isa = PBXFileReference; lastKnownFileType = sourcecode.swift; path = WordsUITests.swift; sourceTree = "<group>"; };
		C70135DA2B666E680006C850 /* WordsUITestsLaunchTests.swift */ = {isa = PBXFileReference; lastKnownFileType = sourcecode.swift; path = WordsUITestsLaunchTests.swift; sourceTree = "<group>"; };
		C70135E82B666EAA0006C850 /* Data */ = {isa = PBXFileReference; lastKnownFileType = wrapper; path = Data; sourceTree = "<group>"; };
		C70135E92B666EC40006C850 /* Domain */ = {isa = PBXFileReference; lastKnownFileType = wrapper; path = Domain; sourceTree = "<group>"; };
		C70135EA2B666F120006C850 /* Presentation */ = {isa = PBXFileReference; lastKnownFileType = wrapper; path = Presentation; sourceTree = "<group>"; };
/* End PBXFileReference section */

/* Begin PBXFrameworksBuildPhase section */
		C70135B12B666E660006C850 /* Frameworks */ = {
			isa = PBXFrameworksBuildPhase;
			buildActionMask = 2147483647;
			files = (
				C70135F42B6673AD0006C850 /* Presentation in Frameworks */,
				C70135F22B6673AD0006C850 /* Domain in Frameworks */,
				C70135F02B6673AD0006C850 /* Data in Frameworks */,
				C70135ED2B666FE70006C850 /* DI in Frameworks */,
			);
			runOnlyForDeploymentPostprocessing = 0;
		};
		C70135C72B666E680006C850 /* Frameworks */ = {
			isa = PBXFrameworksBuildPhase;
			buildActionMask = 2147483647;
			files = (
			);
			runOnlyForDeploymentPostprocessing = 0;
		};
		C70135D12B666E680006C850 /* Frameworks */ = {
			isa = PBXFrameworksBuildPhase;
			buildActionMask = 2147483647;
			files = (
			);
			runOnlyForDeploymentPostprocessing = 0;
		};
/* End PBXFrameworksBuildPhase section */

/* Begin PBXGroup section */
		C70135AB2B666E660006C850 = {
			isa = PBXGroup;
			children = (
				C70135E72B666E7E0006C850 /* Packages */,
				C70135B62B666E660006C850 /* Words */,
				C70135CD2B666E680006C850 /* WordsTests */,
				C70135D72B666E680006C850 /* WordsUITests */,
				C70135B52B666E660006C850 /* Products */,
				C70135EE2B6673AD0006C850 /* Frameworks */,
			);
			sourceTree = "<group>";
		};
		C70135B52B666E660006C850 /* Products */ = {
			isa = PBXGroup;
			children = (
				C70135B42B666E660006C850 /* Words.app */,
				C70135CA2B666E680006C850 /* WordsTests.xctest */,
				C70135D42B666E680006C850 /* WordsUITests.xctest */,
			);
			name = Products;
			sourceTree = "<group>";
		};
		C70135B62B666E660006C850 /* Words */ = {
			isa = PBXGroup;
			children = (
				C70135B72B666E660006C850 /* AppDelegate.swift */,
				C70135B92B666E660006C850 /* SceneDelegate.swift */,
				C70135C02B666E680006C850 /* Assets.xcassets */,
				C70135C22B666E680006C850 /* LaunchScreen.storyboard */,
				C70135C52B666E680006C850 /* Info.plist */,
			);
			path = Words;
			sourceTree = "<group>";
		};
		C70135CD2B666E680006C850 /* WordsTests */ = {
			isa = PBXGroup;
			children = (
				C70135CE2B666E680006C850 /* WordsTests.swift */,
			);
			path = WordsTests;
			sourceTree = "<group>";
		};
		C70135D72B666E680006C850 /* WordsUITests */ = {
			isa = PBXGroup;
			children = (
				C70135D82B666E680006C850 /* WordsUITests.swift */,
				C70135DA2B666E680006C850 /* WordsUITestsLaunchTests.swift */,
			);
			path = WordsUITests;
			sourceTree = "<group>";
		};
		C70135E72B666E7E0006C850 /* Packages */ = {
			isa = PBXGroup;
			children = (
				C70135EA2B666F120006C850 /* Presentation */,
				C70135E92B666EC40006C850 /* Domain */,
				C70135E82B666EAA0006C850 /* Data */,
			);
			path = Packages;
			sourceTree = "<group>";
		};
		C70135EE2B6673AD0006C850 /* Frameworks */ = {
			isa = PBXGroup;
			children = (
			);
			name = Frameworks;
			sourceTree = "<group>";
		};
/* End PBXGroup section */

/* Begin PBXNativeTarget section */
		C70135B32B666E660006C850 /* Words */ = {
			isa = PBXNativeTarget;
			buildConfigurationList = C70135DE2B666E680006C850 /* Build configuration list for PBXNativeTarget "Words" */;
			buildPhases = (
				C70135B02B666E660006C850 /* Sources */,
				C70135B12B666E660006C850 /* Frameworks */,
				C70135B22B666E660006C850 /* Resources */,
			);
			buildRules = (
			);
			dependencies = (
			);
			name = Words;
			packageProductDependencies = (
				C70135EC2B666FE70006C850 /* DI */,
				C70135EF2B6673AD0006C850 /* Data */,
				C70135F12B6673AD0006C850 /* Domain */,
				C70135F32B6673AD0006C850 /* Presentation */,
			);
			productName = Words;
			productReference = C70135B42B666E660006C850 /* Words.app */;
			productType = "com.apple.product-type.application";
		};
		C70135C92B666E680006C850 /* WordsTests */ = {
			isa = PBXNativeTarget;
			buildConfigurationList = C70135E12B666E680006C850 /* Build configuration list for PBXNativeTarget "WordsTests" */;
			buildPhases = (
				C70135C62B666E680006C850 /* Sources */,
				C70135C72B666E680006C850 /* Frameworks */,
				C70135C82B666E680006C850 /* Resources */,
			);
			buildRules = (
			);
			dependencies = (
				C70135CC2B666E680006C850 /* PBXTargetDependency */,
			);
			name = WordsTests;
			productName = WordsTests;
			productReference = C70135CA2B666E680006C850 /* WordsTests.xctest */;
			productType = "com.apple.product-type.bundle.unit-test";
		};
		C70135D32B666E680006C850 /* WordsUITests */ = {
			isa = PBXNativeTarget;
			buildConfigurationList = C70135E42B666E680006C850 /* Build configuration list for PBXNativeTarget "WordsUITests" */;
			buildPhases = (
				C70135D02B666E680006C850 /* Sources */,
				C70135D12B666E680006C850 /* Frameworks */,
				C70135D22B666E680006C850 /* Resources */,
			);
			buildRules = (
			);
			dependencies = (
				C70135D62B666E680006C850 /* PBXTargetDependency */,
			);
			name = WordsUITests;
			productName = WordsUITests;
			productReference = C70135D42B666E680006C850 /* WordsUITests.xctest */;
			productType = "com.apple.product-type.bundle.ui-testing";
		};
/* End PBXNativeTarget section */

/* Begin PBXProject section */
		C70135AC2B666E660006C850 /* Project object */ = {
			isa = PBXProject;
			attributes = {
				BuildIndependentTargetsInParallel = 1;
				LastSwiftUpdateCheck = 1510;
				LastUpgradeCheck = 1510;
				TargetAttributes = {
					C70135B32B666E660006C850 = {
						CreatedOnToolsVersion = 15.1;
					};
					C70135C92B666E680006C850 = {
						CreatedOnToolsVersion = 15.1;
						TestTargetID = C70135B32B666E660006C850;
					};
					C70135D32B666E680006C850 = {
						CreatedOnToolsVersion = 15.1;
						TestTargetID = C70135B32B666E660006C850;
					};
				};
			};
			buildConfigurationList = C70135AF2B666E660006C850 /* Build configuration list for PBXProject "Words" */;
			compatibilityVersion = "Xcode 14.0";
			developmentRegion = en;
			hasScannedForEncodings = 0;
			knownRegions = (
				en,
				Base,
			);
			mainGroup = C70135AB2B666E660006C850;
			packageReferences = (
				C70135EB2B666FE70006C850 /* XCRemoteSwiftPackageReference "swift-di" */,
			);
			productRefGroup = C70135B52B666E660006C850 /* Products */;
			projectDirPath = "";
			projectRoot = "";
			targets = (
				C70135B32B666E660006C850 /* Words */,
				C70135C92B666E680006C850 /* WordsTests */,
				C70135D32B666E680006C850 /* WordsUITests */,
			);
		};
/* End PBXProject section */

/* Begin PBXResourcesBuildPhase section */
		C70135B22B666E660006C850 /* Resources */ = {
			isa = PBXResourcesBuildPhase;
			buildActionMask = 2147483647;
			files = (
				C70135C42B666E680006C850 /* LaunchScreen.storyboard in Resources */,
				C70135C12B666E680006C850 /* Assets.xcassets in Resources */,
			);
			runOnlyForDeploymentPostprocessing = 0;
		};
		C70135C82B666E680006C850 /* Resources */ = {
			isa = PBXResourcesBuildPhase;
			buildActionMask = 2147483647;
			files = (
			);
			runOnlyForDeploymentPostprocessing = 0;
		};
		C70135D22B666E680006C850 /* Resources */ = {
			isa = PBXResourcesBuildPhase;
			buildActionMask = 2147483647;
			files = (
			);
			runOnlyForDeploymentPostprocessing = 0;
		};
/* End PBXResourcesBuildPhase section */

/* Begin PBXSourcesBuildPhase section */
		C70135B02B666E660006C850 /* Sources */ = {
			isa = PBXSourcesBuildPhase;
			buildActionMask = 2147483647;
			files = (
				C70135B82B666E660006C850 /* AppDelegate.swift in Sources */,
				C70135BA2B666E660006C850 /* SceneDelegate.swift in Sources */,
			);
			runOnlyForDeploymentPostprocessing = 0;
		};
		C70135C62B666E680006C850 /* Sources */ = {
			isa = PBXSourcesBuildPhase;
			buildActionMask = 2147483647;
			files = (
				C70135CF2B666E680006C850 /* WordsTests.swift in Sources */,
			);
			runOnlyForDeploymentPostprocessing = 0;
		};
		C70135D02B666E680006C850 /* Sources */ = {
			isa = PBXSourcesBuildPhase;
			buildActionMask = 2147483647;
			files = (
				C70135DB2B666E680006C850 /* WordsUITestsLaunchTests.swift in Sources */,
				C70135D92B666E680006C850 /* WordsUITests.swift in Sources */,
			);
			runOnlyForDeploymentPostprocessing = 0;
		};
/* End PBXSourcesBuildPhase section */

/* Begin PBXTargetDependency section */
		C70135CC2B666E680006C850 /* PBXTargetDependency */ = {
			isa = PBXTargetDependency;
			target = C70135B32B666E660006C850 /* Words */;
			targetProxy = C70135CB2B666E680006C850 /* PBXContainerItemProxy */;
		};
		C70135D62B666E680006C850 /* PBXTargetDependency */ = {
			isa = PBXTargetDependency;
			target = C70135B32B666E660006C850 /* Words */;
			targetProxy = C70135D52B666E680006C850 /* PBXContainerItemProxy */;
		};
/* End PBXTargetDependency section */

/* Begin PBXVariantGroup section */
		C70135C22B666E680006C850 /* LaunchScreen.storyboard */ = {
			isa = PBXVariantGroup;
			children = (
				C70135C32B666E680006C850 /* Base */,
			);
			name = LaunchScreen.storyboard;
			sourceTree = "<group>";
		};
/* End PBXVariantGroup section */

/* Begin XCBuildConfiguration section */
		C70135DC2B666E680006C850 /* Debug */ = {
			isa = XCBuildConfiguration;
			buildSettings = {
				ALWAYS_SEARCH_USER_PATHS = NO;
				ASSETCATALOG_COMPILER_GENERATE_SWIFT_ASSET_SYMBOL_EXTENSIONS = YES;
				CLANG_ANALYZER_NONNULL = YES;
				CLANG_ANALYZER_NUMBER_OBJECT_CONVERSION = YES_AGGRESSIVE;
				CLANG_CXX_LANGUAGE_STANDARD = "gnu++20";
				CLANG_ENABLE_MODULES = YES;
				CLANG_ENABLE_OBJC_ARC = YES;
				CLANG_ENABLE_OBJC_WEAK = YES;
				CLANG_WARN_BLOCK_CAPTURE_AUTORELEASING = YES;
				CLANG_WARN_BOOL_CONVERSION = YES;
				CLANG_WARN_COMMA = YES;
				CLANG_WARN_CONSTANT_CONVERSION = YES;
				CLANG_WARN_DEPRECATED_OBJC_IMPLEMENTATIONS = YES;
				CLANG_WARN_DIRECT_OBJC_ISA_USAGE = YES_ERROR;
				CLANG_WARN_DOCUMENTATION_COMMENTS = YES;
				CLANG_WARN_EMPTY_BODY = YES;
				CLANG_WARN_ENUM_CONVERSION = YES;
				CLANG_WARN_INFINITE_RECURSION = YES;
				CLANG_WARN_INT_CONVERSION = YES;
				CLANG_WARN_NON_LITERAL_NULL_CONVERSION = YES;
				CLANG_WARN_OBJC_IMPLICIT_RETAIN_SELF = YES;
				CLANG_WARN_OBJC_LITERAL_CONVERSION = YES;
				CLANG_WARN_OBJC_ROOT_CLASS = YES_ERROR;
				CLANG_WARN_QUOTED_INCLUDE_IN_FRAMEWORK_HEADER = YES;
				CLANG_WARN_RANGE_LOOP_ANALYSIS = YES;
				CLANG_WARN_STRICT_PROTOTYPES = YES;
				CLANG_WARN_SUSPICIOUS_MOVE = YES;
				CLANG_WARN_UNGUARDED_AVAILABILITY = YES_AGGRESSIVE;
				CLANG_WARN_UNREACHABLE_CODE = YES;
				CLANG_WARN__DUPLICATE_METHOD_MATCH = YES;
				COPY_PHASE_STRIP = NO;
				DEBUG_INFORMATION_FORMAT = dwarf;
				ENABLE_STRICT_OBJC_MSGSEND = YES;
				ENABLE_TESTABILITY = YES;
				ENABLE_USER_SCRIPT_SANDBOXING = YES;
				GCC_C_LANGUAGE_STANDARD = gnu17;
				GCC_DYNAMIC_NO_PIC = NO;
				GCC_NO_COMMON_BLOCKS = YES;
				GCC_OPTIMIZATION_LEVEL = 0;
				GCC_PREPROCESSOR_DEFINITIONS = (
					"DEBUG=1",
					"$(inherited)",
				);
				GCC_WARN_64_TO_32_BIT_CONVERSION = YES;
				GCC_WARN_ABOUT_RETURN_TYPE = YES_ERROR;
				GCC_WARN_UNDECLARED_SELECTOR = YES;
				GCC_WARN_UNINITIALIZED_AUTOS = YES_AGGRESSIVE;
				GCC_WARN_UNUSED_FUNCTION = YES;
				GCC_WARN_UNUSED_VARIABLE = YES;
				IPHONEOS_DEPLOYMENT_TARGET = 17.2;
				LOCALIZATION_PREFERS_STRING_CATALOGS = YES;
				MTL_ENABLE_DEBUG_INFO = INCLUDE_SOURCE;
				MTL_FAST_MATH = YES;
				ONLY_ACTIVE_ARCH = YES;
				SDKROOT = iphoneos;
				SWIFT_ACTIVE_COMPILATION_CONDITIONS = "DEBUG $(inherited)";
				SWIFT_OPTIMIZATION_LEVEL = "-Onone";
			};
			name = Debug;
		};
		C70135DD2B666E680006C850 /* Release */ = {
			isa = XCBuildConfiguration;
			buildSettings = {
				ALWAYS_SEARCH_USER_PATHS = NO;
				ASSETCATALOG_COMPILER_GENERATE_SWIFT_ASSET_SYMBOL_EXTENSIONS = YES;
				CLANG_ANALYZER_NONNULL = YES;
				CLANG_ANALYZER_NUMBER_OBJECT_CONVERSION = YES_AGGRESSIVE;
				CLANG_CXX_LANGUAGE_STANDARD = "gnu++20";
				CLANG_ENABLE_MODULES = YES;
				CLANG_ENABLE_OBJC_ARC = YES;
				CLANG_ENABLE_OBJC_WEAK = YES;
				CLANG_WARN_BLOCK_CAPTURE_AUTORELEASING = YES;
				CLANG_WARN_BOOL_CONVERSION = YES;
				CLANG_WARN_COMMA = YES;
				CLANG_WARN_CONSTANT_CONVERSION = YES;
				CLANG_WARN_DEPRECATED_OBJC_IMPLEMENTATIONS = YES;
				CLANG_WARN_DIRECT_OBJC_ISA_USAGE = YES_ERROR;
				CLANG_WARN_DOCUMENTATION_COMMENTS = YES;
				CLANG_WARN_EMPTY_BODY = YES;
				CLANG_WARN_ENUM_CONVERSION = YES;
				CLANG_WARN_INFINITE_RECURSION = YES;
				CLANG_WARN_INT_CONVERSION = YES;
				CLANG_WARN_NON_LITERAL_NULL_CONVERSION = YES;
				CLANG_WARN_OBJC_IMPLICIT_RETAIN_SELF = YES;
				CLANG_WARN_OBJC_LITERAL_CONVERSION = YES;
				CLANG_WARN_OBJC_ROOT_CLASS = YES_ERROR;
				CLANG_WARN_QUOTED_INCLUDE_IN_FRAMEWORK_HEADER = YES;
				CLANG_WARN_RANGE_LOOP_ANALYSIS = YES;
				CLANG_WARN_STRICT_PROTOTYPES = YES;
				CLANG_WARN_SUSPICIOUS_MOVE = YES;
				CLANG_WARN_UNGUARDED_AVAILABILITY = YES_AGGRESSIVE;
				CLANG_WARN_UNREACHABLE_CODE = YES;
				CLANG_WARN__DUPLICATE_METHOD_MATCH = YES;
				COPY_PHASE_STRIP = NO;
				DEBUG_INFORMATION_FORMAT = "dwarf-with-dsym";
				ENABLE_NS_ASSERTIONS = NO;
				ENABLE_STRICT_OBJC_MSGSEND = YES;
				ENABLE_USER_SCRIPT_SANDBOXING = YES;
				GCC_C_LANGUAGE_STANDARD = gnu17;
				GCC_NO_COMMON_BLOCKS = YES;
				GCC_WARN_64_TO_32_BIT_CONVERSION = YES;
				GCC_WARN_ABOUT_RETURN_TYPE = YES_ERROR;
				GCC_WARN_UNDECLARED_SELECTOR = YES;
				GCC_WARN_UNINITIALIZED_AUTOS = YES_AGGRESSIVE;
				GCC_WARN_UNUSED_FUNCTION = YES;
				GCC_WARN_UNUSED_VARIABLE = YES;
				IPHONEOS_DEPLOYMENT_TARGET = 17.2;
				LOCALIZATION_PREFERS_STRING_CATALOGS = YES;
				MTL_ENABLE_DEBUG_INFO = NO;
				MTL_FAST_MATH = YES;
				SDKROOT = iphoneos;
				SWIFT_COMPILATION_MODE = wholemodule;
				VALIDATE_PRODUCT = YES;
			};
			name = Release;
		};
		C70135DF2B666E680006C850 /* Debug */ = {
			isa = XCBuildConfiguration;
			buildSettings = {
				ASSETCATALOG_COMPILER_APPICON_NAME = AppIcon;
				ASSETCATALOG_COMPILER_GLOBAL_ACCENT_COLOR_NAME = AccentColor;
				CODE_SIGN_STYLE = Automatic;
				CURRENT_PROJECT_VERSION = 1;
				DEVELOPMENT_TEAM = BWQ9CW35SP;
				GENERATE_INFOPLIST_FILE = YES;
				INFOPLIST_FILE = Words/Info.plist;
				INFOPLIST_KEY_UIApplicationSupportsIndirectInputEvents = YES;
				INFOPLIST_KEY_UILaunchStoryboardName = LaunchScreen;
				INFOPLIST_KEY_UISupportedInterfaceOrientations_iPad = "UIInterfaceOrientationPortrait UIInterfaceOrientationPortraitUpsideDown UIInterfaceOrientationLandscapeLeft UIInterfaceOrientationLandscapeRight";
				INFOPLIST_KEY_UISupportedInterfaceOrientations_iPhone = "UIInterfaceOrientationPortrait UIInterfaceOrientationLandscapeLeft UIInterfaceOrientationLandscapeRight";
				LD_RUNPATH_SEARCH_PATHS = (
					"$(inherited)",
					"@executable_path/Frameworks",
				);
				MARKETING_VERSION = 1.0;
				PRODUCT_BUNDLE_IDENTIFIER = ge.gkrat17.ios.Words;
				PRODUCT_NAME = "$(TARGET_NAME)";
				SWIFT_EMIT_LOC_STRINGS = YES;
				SWIFT_VERSION = 5.0;
				TARGETED_DEVICE_FAMILY = "1,2";
			};
			name = Debug;
		};
		C70135E02B666E680006C850 /* Release */ = {
			isa = XCBuildConfiguration;
			buildSettings = {
				ASSETCATALOG_COMPILER_APPICON_NAME = AppIcon;
				ASSETCATALOG_COMPILER_GLOBAL_ACCENT_COLOR_NAME = AccentColor;
				CODE_SIGN_STYLE = Automatic;
				CURRENT_PROJECT_VERSION = 1;
				DEVELOPMENT_TEAM = BWQ9CW35SP;
				GENERATE_INFOPLIST_FILE = YES;
				INFOPLIST_FILE = Words/Info.plist;
				INFOPLIST_KEY_UIApplicationSupportsIndirectInputEvents = YES;
				INFOPLIST_KEY_UILaunchStoryboardName = LaunchScreen;
				INFOPLIST_KEY_UISupportedInterfaceOrientations_iPad = "UIInterfaceOrientationPortrait UIInterfaceOrientationPortraitUpsideDown UIInterfaceOrientationLandscapeLeft UIInterfaceOrientationLandscapeRight";
				INFOPLIST_KEY_UISupportedInterfaceOrientations_iPhone = "UIInterfaceOrientationPortrait UIInterfaceOrientationLandscapeLeft UIInterfaceOrientationLandscapeRight";
				LD_RUNPATH_SEARCH_PATHS = (
					"$(inherited)",
					"@executable_path/Frameworks",
				);
				MARKETING_VERSION = 1.0;
				PRODUCT_BUNDLE_IDENTIFIER = ge.gkrat17.ios.Words;
				PRODUCT_NAME = "$(TARGET_NAME)";
				SWIFT_EMIT_LOC_STRINGS = YES;
				SWIFT_VERSION = 5.0;
				TARGETED_DEVICE_FAMILY = "1,2";
			};
			name = Release;
		};
		C70135E22B666E680006C850 /* Debug */ = {
			isa = XCBuildConfiguration;
			buildSettings = {
				ALWAYS_EMBED_SWIFT_STANDARD_LIBRARIES = YES;
				BUNDLE_LOADER = "$(TEST_HOST)";
				CODE_SIGN_STYLE = Automatic;
				CURRENT_PROJECT_VERSION = 1;
				DEVELOPMENT_TEAM = BWQ9CW35SP;
				GENERATE_INFOPLIST_FILE = YES;
				IPHONEOS_DEPLOYMENT_TARGET = 17.2;
				MARKETING_VERSION = 1.0;
				PRODUCT_BUNDLE_IDENTIFIER = ge.gkrat17.ios.WordsTests;
				PRODUCT_NAME = "$(TARGET_NAME)";
				SWIFT_EMIT_LOC_STRINGS = NO;
				SWIFT_VERSION = 5.0;
				TARGETED_DEVICE_FAMILY = "1,2";
				TEST_HOST = "$(BUILT_PRODUCTS_DIR)/Words.app/$(BUNDLE_EXECUTABLE_FOLDER_PATH)/Words";
			};
			name = Debug;
		};
		C70135E32B666E680006C850 /* Release */ = {
			isa = XCBuildConfiguration;
			buildSettings = {
				ALWAYS_EMBED_SWIFT_STANDARD_LIBRARIES = YES;
				BUNDLE_LOADER = "$(TEST_HOST)";
				CODE_SIGN_STYLE = Automatic;
				CURRENT_PROJECT_VERSION = 1;
				DEVELOPMENT_TEAM = BWQ9CW35SP;
				GENERATE_INFOPLIST_FILE = YES;
				IPHONEOS_DEPLOYMENT_TARGET = 17.2;
				MARKETING_VERSION = 1.0;
				PRODUCT_BUNDLE_IDENTIFIER = ge.gkrat17.ios.WordsTests;
				PRODUCT_NAME = "$(TARGET_NAME)";
				SWIFT_EMIT_LOC_STRINGS = NO;
				SWIFT_VERSION = 5.0;
				TARGETED_DEVICE_FAMILY = "1,2";
				TEST_HOST = "$(BUILT_PRODUCTS_DIR)/Words.app/$(BUNDLE_EXECUTABLE_FOLDER_PATH)/Words";
			};
			name = Release;
		};
		C70135E52B666E680006C850 /* Debug */ = {
			isa = XCBuildConfiguration;
			buildSettings = {
				ALWAYS_EMBED_SWIFT_STANDARD_LIBRARIES = YES;
				CODE_SIGN_STYLE = Automatic;
				CURRENT_PROJECT_VERSION = 1;
				DEVELOPMENT_TEAM = BWQ9CW35SP;
				GENERATE_INFOPLIST_FILE = YES;
				MARKETING_VERSION = 1.0;
				PRODUCT_BUNDLE_IDENTIFIER = ge.gkrat17.ios.WordsUITests;
				PRODUCT_NAME = "$(TARGET_NAME)";
				SWIFT_EMIT_LOC_STRINGS = NO;
				SWIFT_VERSION = 5.0;
				TARGETED_DEVICE_FAMILY = "1,2";
				TEST_TARGET_NAME = Words;
			};
			name = Debug;
		};
		C70135E62B666E680006C850 /* Release */ = {
			isa = XCBuildConfiguration;
			buildSettings = {
				ALWAYS_EMBED_SWIFT_STANDARD_LIBRARIES = YES;
				CODE_SIGN_STYLE = Automatic;
				CURRENT_PROJECT_VERSION = 1;
				DEVELOPMENT_TEAM = BWQ9CW35SP;
				GENERATE_INFOPLIST_FILE = YES;
				MARKETING_VERSION = 1.0;
				PRODUCT_BUNDLE_IDENTIFIER = ge.gkrat17.ios.WordsUITests;
				PRODUCT_NAME = "$(TARGET_NAME)";
				SWIFT_EMIT_LOC_STRINGS = NO;
				SWIFT_VERSION = 5.0;
				TARGETED_DEVICE_FAMILY = "1,2";
				TEST_TARGET_NAME = Words;
			};
			name = Release;
		};
/* End XCBuildConfiguration section */

/* Begin XCConfigurationList section */
		C70135AF2B666E660006C850 /* Build configuration list for PBXProject "Words" */ = {
			isa = XCConfigurationList;
			buildConfigurations = (
				C70135DC2B666E680006C850 /* Debug */,
				C70135DD2B666E680006C850 /* Release */,
			);
			defaultConfigurationIsVisible = 0;
			defaultConfigurationName = Release;
		};
		C70135DE2B666E680006C850 /* Build configuration list for PBXNativeTarget "Words" */ = {
			isa = XCConfigurationList;
			buildConfigurations = (
				C70135DF2B666E680006C850 /* Debug */,
				C70135E02B666E680006C850 /* Release */,
			);
			defaultConfigurationIsVisible = 0;
			defaultConfigurationName = Release;
		};
		C70135E12B666E680006C850 /* Build configuration list for PBXNativeTarget "WordsTests" */ = {
			isa = XCConfigurationList;
			buildConfigurations = (
				C70135E22B666E680006C850 /* Debug */,
				C70135E32B666E680006C850 /* Release */,
			);
			defaultConfigurationIsVisible = 0;
			defaultConfigurationName = Release;
		};
		C70135E42B666E680006C850 /* Build configuration list for PBXNativeTarget "WordsUITests" */ = {
			isa = XCConfigurationList;
			buildConfigurations = (
				C70135E52B666E680006C850 /* Debug */,
				C70135E62B666E680006C850 /* Release */,
			);
			defaultConfigurationIsVisible = 0;
			defaultConfigurationName = Release;
		};
/* End XCConfigurationList section */

/* Begin XCRemoteSwiftPackageReference section */
		C70135EB2B666FE70006C850 /* XCRemoteSwiftPackageReference "swift-di" */ = {
			isa = XCRemoteSwiftPackageReference;
			repositoryURL = "https://github.com/codalasolutions/swift-di";
			requirement = {
				branch = main;
				kind = branch;
			};
		};
/* End XCRemoteSwiftPackageReference section */

/* Begin XCSwiftPackageProductDependency section */
		C70135EC2B666FE70006C850 /* DI */ = {
			isa = XCSwiftPackageProductDependency;
			package = C70135EB2B666FE70006C850 /* XCRemoteSwiftPackageReference "swift-di" */;
			productName = DI;
		};
		C70135EF2B6673AD0006C850 /* Data */ = {
			isa = XCSwiftPackageProductDependency;
			productName = Data;
		};
		C70135F12B6673AD0006C850 /* Domain */ = {
			isa = XCSwiftPackageProductDependency;
			productName = Domain;
		};
		C70135F32B6673AD0006C850 /* Presentation */ = {
			isa = XCSwiftPackageProductDependency;
			productName = Presentation;
		};
/* End XCSwiftPackageProductDependency section */
	};
	rootObject = C70135AC2B666E660006C850 /* Project object */;
}
